{
  "name": "memealerter",
  "version": "1.0.0",
  "lockfileVersion": 1,
  "requires": true,
  "dependencies": {
    "@derhuerst/http-basic": {
      "version": "8.2.4",
      "resolved": "https://registry.npmjs.org/@derhuerst/http-basic/-/http-basic-8.2.4.tgz",
      "integrity": "sha512-F9rL9k9Xjf5blCz8HsJRO4diy111cayL2vkY2XE4r4t3n0yPXVYy3KD3nJ1qbrSn9743UWSXH4IwuCa/HWlGFw==",
      "requires": {
        "caseless": "^0.12.0",
        "concat-stream": "^2.0.0",
        "http-response-object": "^3.0.1",
        "parse-cache-control": "^1.0.1"
      }
    },
    "@types/node": {
      "version": "10.17.60",
      "resolved": "https://registry.npmjs.org/@types/node/-/node-10.17.60.tgz",
      "integrity": "sha512-F0KIgDJfy2nA3zMLmWGKxcH2ZVEtCZXHHdOQs2gSaQ27+lNeEfGxzkIw90aXswATX7AZ33tahPbzy6KAfUreVw=="
    },
    "agent-base": {
      "version": "6.0.2",
      "resolved": "https://registry.npmjs.org/agent-base/-/agent-base-6.0.2.tgz",
      "integrity": "sha512-RZNwNclF7+MS/8bDg70amg32dyeZGZxiDuQmZxKLAlQjr3jGyLx+4Kkk58UO7D2QdgFIQCovuSuZESne6RG6XQ==",
      "requires": {
        "debug": "4"
      },
      "dependencies": {
        "debug": {
          "version": "4.3.4",
          "resolved": "https://registry.npmjs.org/debug/-/debug-4.3.4.tgz",
          "integrity": "sha512-PRWFHuSU3eDtQJPvnNY7Jcket1j0t5OuOsFzPPzsekD52Zl8qUfFIPEiswXqIvHWGVHOgX+7G/vCNNhehwxfkQ==",
          "requires": {
            "ms": "2.1.2"
          }
        },
        "ms": {
          "version": "2.1.2",
          "resolved": "https://registry.npmjs.org/ms/-/ms-2.1.2.tgz",
          "integrity": "sha512-sGkPx+VjMtmA6MX27oA4FBFELFCZZ4S4XqeGOXCv68tT+jb3vk/RyaKWP0PTKyWtmLSM0b+adUTEvbs1PEaH2w=="
        }
      }
    },
    "async-limiter": {
      "version": "1.0.1",
      "resolved": "https://registry.npmjs.org/async-limiter/-/async-limiter-1.0.1.tgz",
      "integrity": "sha512-csOlWGAcRFJaI6m+F2WKdnMKr4HhdhFVBk0H/QbJFMCr+uO2kwohwXQPxw/9OCxp05r5ghVBFSyioixx3gfkNQ=="
    },
    "bignumber.js": {
      "version": "9.0.0",
      "resolved": "https://registry.npmjs.org/bignumber.js/-/bignumber.js-9.0.0.tgz",
      "integrity": "sha512-t/OYhhJ2SD+YGBQcjY8GzzDHEk9f3nerxjtfa6tlMXfe7frs/WozhvCNoGvpM0P3bNf3Gq5ZRMlGr5f3r4/N8A=="
    },
    "bindings": {
      "version": "1.2.1",
      "resolved": "https://registry.npmjs.org/bindings/-/bindings-1.2.1.tgz",
      "integrity": "sha1-FK1hE4EtLTfXLme0ystLtyZQXxE="
    },
    "buffer-from": {
      "version": "1.1.2",
      "resolved": "https://registry.npmjs.org/buffer-from/-/buffer-from-1.1.2.tgz",
      "integrity": "sha512-E+XQCRwSbaaiChtv6k6Dwgc+bx+Bs6vuKJHHl5kox/BaKbhiXzqQOwK4cO22yElGp2OCmjwVhT3HmxgyPGnJfQ=="
    },
    "caseless": {
      "version": "0.12.0",
      "resolved": "https://registry.npmjs.org/caseless/-/caseless-0.12.0.tgz",
      "integrity": "sha512-4tYFyifaFfGacoiObjJegolkwSU4xQNGbVgUiNYVUxbQ2x2lUsFvY4hVgVzGiIe6WLOPqycWXA40l+PWsxthUw=="
    },
    "commander": {
      "version": "2.20.3",
      "resolved": "https://registry.npmjs.org/commander/-/commander-2.20.3.tgz",
      "integrity": "sha512-GpVkmM8vF2vQUkj2LvZmD35JxeJOLCwJ9cUkugyk2nuhbv3+mJvpLYYt+0+USMxE+oj+ey/lJEnhZw75x/OMcQ=="
    },
    "common-tags": {
      "version": "1.8.0",
      "resolved": "https://registry.npmjs.org/common-tags/-/common-tags-1.8.0.tgz",
      "integrity": "sha512-6P6g0uetGpW/sdyUy/iQQCbFF0kWVMSIVSyYz7Zgjcgh8mgw8PQzDNZeyZ5DQ2gM7LBoZPHmnjz8rUthkBG5tw=="
    },
    "concat-stream": {
      "version": "2.0.0",
      "resolved": "https://registry.npmjs.org/concat-stream/-/concat-stream-2.0.0.tgz",
      "integrity": "sha512-MWufYdFw53ccGjCA+Ol7XJYpAlW6/prSMzuPOTRnJGcGzuhLn4Scrz7qf6o8bROZ514ltazcIFJZevcfbo0x7A==",
      "requires": {
        "buffer-from": "^1.0.0",
        "inherits": "^2.0.3",
        "readable-stream": "^3.0.2",
        "typedarray": "^0.0.6"
      },
      "dependencies": {
        "readable-stream": {
          "version": "3.6.0",
          "resolved": "https://registry.npmjs.org/readable-stream/-/readable-stream-3.6.0.tgz",
          "integrity": "sha512-BViHy7LKeTz4oNnkcLJ+lVSL6vpiFeX6/d3oSH8zCW7UxP2onchk+vTGB143xuFjHS3deTgkKoXXymXqymiIdA==",
          "requires": {
            "inherits": "^2.0.3",
            "string_decoder": "^1.1.1",
            "util-deprecate": "^1.0.1"
          }
        }
      }
    },
    "core-util-is": {
      "version": "1.0.2",
      "resolved": "https://registry.npmjs.org/core-util-is/-/core-util-is-1.0.2.tgz",
      "integrity": "sha1-tf1UIgqivFq1eqtxQMlAdUUDwac="
    },
    "debug": {
      "version": "2.6.9",
      "resolved": "https://registry.npmjs.org/debug/-/debug-2.6.9.tgz",
      "integrity": "sha512-bC7ElrdJaJnPbAP+1EotYvqZsb3ecl5wi6Bfi6BJTUcNowp6cvspg0jXznRTKDjm/E7AdgFBVeAPVMNcKGsHMA==",
      "optional": true,
      "requires": {
        "ms": "2.0.0"
      }
    },
    "discord.js": {
      "version": "11.5.1",
      "resolved": "https://registry.npmjs.org/discord.js/-/discord.js-11.5.1.tgz",
      "integrity": "sha512-tGhV5xaZXE3Z+4uXJb3hYM6gQ1NmnSxp9PClcsSAYFVRzH6AJH74040mO3afPDMWEAlj8XsoPXXTJHTxesqcGw==",
      "requires": {
        "long": "^4.0.0",
        "prism-media": "^0.0.3",
        "snekfetch": "^3.6.4",
        "tweetnacl": "^1.0.0",
        "ws": "^6.0.0"
      }
    },
    "discord.js-commando": {
      "version": "0.10.0",
      "resolved": "https://registry.npmjs.org/discord.js-commando/-/discord.js-commando-0.10.0.tgz",
      "integrity": "sha1-v6mL8zEIcDdvPHoNe3Nqaj5dCg8=",
      "requires": {
        "common-tags": "^1.0.0",
        "escape-string-regexp": "^1.0.0",
        "require-all": "^2.0.0"
      }
    },
    "env-paths": {
      "version": "2.2.1",
      "resolved": "https://registry.npmjs.org/env-paths/-/env-paths-2.2.1.tgz",
      "integrity": "sha512-+h1lkLKhZMTYjog1VEpJNG7NZJWcuc2DDk/qsqSTRRCOXiLjeQ1d1/udrUGhqMxUgAlwKNZ0cf2uqan5GLuS2A=="
    },
    "escape-string-regexp": {
      "version": "1.0.5",
      "resolved": "https://registry.npmjs.org/escape-string-regexp/-/escape-string-regexp-1.0.5.tgz",
      "integrity": "sha1-G2HAViGQqN/2rjuyzwIAyhMLhtQ="
    },
    "ffmpeg-static": {
      "version": "5.1.0",
      "resolved": "https://registry.npmjs.org/ffmpeg-static/-/ffmpeg-static-5.1.0.tgz",
      "integrity": "sha512-eEWOiGdbf7HKPeJI5PoJ0oCwkL0hckL2JdS4JOuB/gUETppwkEpq8nF0+e6VEQnDCo/iuoipbTUsn9QJmtpNkg==",
      "requires": {
        "@derhuerst/http-basic": "^8.2.0",
        "env-paths": "^2.2.0",
        "https-proxy-agent": "^5.0.0",
        "progress": "^2.0.3"
      }
    },
    "http-response-object": {
      "version": "3.0.2",
      "resolved": "https://registry.npmjs.org/http-response-object/-/http-response-object-3.0.2.tgz",
      "integrity": "sha512-bqX0XTF6fnXSQcEJ2Iuyr75yVakyjIDCqroJQ/aHfSdlM743Cwqoi2nDYMzLGWUcuTWGWy8AAvOKXTfiv6q9RA==",
      "requires": {
        "@types/node": "^10.0.3"
      }
    },
    "https-proxy-agent": {
      "version": "5.0.1",
      "resolved": "https://registry.npmjs.org/https-proxy-agent/-/https-proxy-agent-5.0.1.tgz",
      "integrity": "sha512-dFcAjpTQFgoLMzC2VwU+C/CbS7uRL0lWmxDITmqm7C+7F0Odmj6s9l6alZc6AELXhrnggM2CeWSXHGOdX2YtwA==",
      "requires": {
        "agent-base": "6",
        "debug": "4"
      },
      "dependencies": {
        "debug": {
          "version": "4.3.4",
          "resolved": "https://registry.npmjs.org/debug/-/debug-4.3.4.tgz",
          "integrity": "sha512-PRWFHuSU3eDtQJPvnNY7Jcket1j0t5OuOsFzPPzsekD52Zl8qUfFIPEiswXqIvHWGVHOgX+7G/vCNNhehwxfkQ==",
          "requires": {
            "ms": "2.1.2"
          }
        },
        "ms": {
          "version": "2.1.2",
          "resolved": "https://registry.npmjs.org/ms/-/ms-2.1.2.tgz",
          "integrity": "sha512-sGkPx+VjMtmA6MX27oA4FBFELFCZZ4S4XqeGOXCv68tT+jb3vk/RyaKWP0PTKyWtmLSM0b+adUTEvbs1PEaH2w=="
        }
      }
    },
    "inherits": {
      "version": "2.0.4",
      "resolved": "https://registry.npmjs.org/inherits/-/inherits-2.0.4.tgz",
      "integrity": "sha512-k/vGaX4/Yla3WzyMCvTQOXYeIHvqOKtnqBduzTHpzpQZzAskKMhZ2K+EnBiSM9zGSoIFeMpXKxa4dYeZIQqewQ=="
    },
    "isarray": {
      "version": "1.0.0",
      "resolved": "https://registry.npmjs.org/isarray/-/isarray-1.0.0.tgz",
      "integrity": "sha1-u5NdSFgsuhaMBoNJV6VKPgcSTxE="
    },
    "long": {
      "version": "4.0.0",
      "resolved": "https://registry.npmjs.org/long/-/long-4.0.0.tgz",
      "integrity": "sha512-XsP+KhQif4bjX1kbuSiySJFNAehNxgLb6hPRGJ9QsUr8ajHkuXGdrHmFUTUUXhDwVX2R5bY4JNZEwbUiMhV+MA=="
    },
    "m3u8stream": {
      "version": "0.8.6",
      "resolved": "https://registry.npmjs.org/m3u8stream/-/m3u8stream-0.8.6.tgz",
      "integrity": "sha512-LZj8kIVf9KCphiHmH7sbFQTVe4tOemb202fWwvJwR9W5ENW/1hxJN6ksAWGhQgSBSa3jyWhnjKU1Fw1GaOdbyA==",
      "requires": {
        "miniget": "^4.2.2",
        "sax": "^1.2.4"
      }
    },
    "miniget": {
      "version": "4.2.2",
      "resolved": "https://registry.npmjs.org/miniget/-/miniget-4.2.2.tgz",
      "integrity": "sha512-a7voNL1N5lDMxvTMExOkg+Fq89jM2vY8pAi9ZEWzZtfNmdfP6RXkvUtFnCAXoCv2T9k1v/fUJVaAEuepGcvLYA=="
    },
    "ms": {
      "version": "2.0.0",
      "resolved": "https://registry.npmjs.org/ms/-/ms-2.0.0.tgz",
      "integrity": "sha1-VgiurfwAvmwpAd9fmGF4jeDVl8g=",
      "optional": true
    },
    "mysql": {
      "version": "2.18.1",
      "resolved": "https://registry.npmjs.org/mysql/-/mysql-2.18.1.tgz",
      "integrity": "sha512-Bca+gk2YWmqp2Uf6k5NFEurwY/0td0cpebAucFpY/3jhrwrVGuxU2uQFCHjU19SJfje0yQvi+rVWdq78hR5lig==",
      "requires": {
        "bignumber.js": "9.0.0",
        "readable-stream": "2.3.7",
        "safe-buffer": "5.1.2",
        "sqlstring": "2.3.1"
      }
    },
    "nan": {
      "version": "2.14.0",
      "resolved": "https://registry.npmjs.org/nan/-/nan-2.14.0.tgz",
      "integrity": "sha512-INOFj37C7k3AfaNTtX8RhsTw7qRy7eLET14cROi9+5HAVbbHuIWUHEauBv5qT4Av2tWasiTY1Jw6puUNqRJXQg=="
    },
    "node-opus": {
      "version": "0.3.3",
      "resolved": "https://registry.npmjs.org/node-opus/-/node-opus-0.3.3.tgz",
      "integrity": "sha512-ZQniA8iJ6y/qOTmW6eyzM9m8odt4CIGV0NM9/U03/pYLhGyxy18QXO25WfrWd8XsUYx57tnxll2xxj54CN08uQ==",
      "requires": {
        "bindings": "~1.2.1",
        "commander": "^2.9.0",
        "nan": "^2.14.0",
        "ogg-packet": "^1.0.0"
      }
    },
    "ogg-packet": {
      "version": "1.0.1",
      "resolved": "https://registry.npmjs.org/ogg-packet/-/ogg-packet-1.0.1.tgz",
      "integrity": "sha512-dW1ok3BMnMikyXGDIgVEckWnlViW8JLWQV4qj9aN/rNRVqHlDYSlcIEtSIMH7tpuUOiIxAhY3+OxNdIOm6s17A==",
      "optional": true,
      "requires": {
        "ref-struct": "*"
      }
    },
    "opusscript": {
      "version": "0.0.7",
      "resolved": "https://registry.npmjs.org/opusscript/-/opusscript-0.0.7.tgz",
      "integrity": "sha512-DcBadTdYTUuH9zQtepsLjQn4Ll6rs3dmeFvN+SD0ThPnxRBRm/WC1zXWPg+wgAJimB784gdZvUMA57gDP7FdVg=="
    },
    "parse-cache-control": {
      "version": "1.0.1",
      "resolved": "https://registry.npmjs.org/parse-cache-control/-/parse-cache-control-1.0.1.tgz",
      "integrity": "sha512-60zvsJReQPX5/QP0Kzfd/VrpjScIQ7SHBW6bFCYfEP+fp0Eppr1SHhIO5nd1PjZtvclzSzES9D/p5nFJurwfWg=="
    },
    "prism-media": {
      "version": "0.0.3",
      "resolved": "https://registry.npmjs.org/prism-media/-/prism-media-0.0.3.tgz",
      "integrity": "sha512-c9KkNifSMU/iXT8FFTaBwBMr+rdVcN+H/uNv1o+CuFeTThNZNTOrQ+RgXA1yL/DeLk098duAeRPP3QNPNbhxYQ=="
    },
    "process-nextick-args": {
      "version": "2.0.1",
      "resolved": "https://registry.npmjs.org/process-nextick-args/-/process-nextick-args-2.0.1.tgz",
      "integrity": "sha512-3ouUOpQhtgrbOa17J7+uxOTpITYWaGP7/AhoR3+A+/1e9skrzelGi/dXzEYyvbxubEF6Wn2ypscTKiKJFFn1ag=="
    },
    "progress": {
      "version": "2.0.3",
      "resolved": "https://registry.npmjs.org/progress/-/progress-2.0.3.tgz",
      "integrity": "sha512-7PiHtLll5LdnKIMw100I+8xJXR5gW2QwWYkT6iJva0bXitZKa/XMrSbdmg3r2Xnaidz9Qumd0VPaMrZlF9V9sA=="
    },
    "readable-stream": {
      "version": "2.3.7",
      "resolved": "https://registry.npmjs.org/readable-stream/-/readable-stream-2.3.7.tgz",
      "integrity": "sha512-Ebho8K4jIbHAxnuxi7o42OrZgF/ZTNcsZj6nRKyUmkhLFq8CHItp/fy6hQZuZmP/n3yZ9VBUbp4zz/mX8hmYPw==",
      "requires": {
        "core-util-is": "~1.0.0",
        "inherits": "~2.0.3",
        "isarray": "~1.0.0",
        "process-nextick-args": "~2.0.0",
        "safe-buffer": "~5.1.1",
        "string_decoder": "~1.1.1",
        "util-deprecate": "~1.0.1"
      }
    },
    "ref": {
      "version": "1.3.5",
      "resolved": "https://registry.npmjs.org/ref/-/ref-1.3.5.tgz",
      "integrity": "sha512-2cBCniTtxcGUjDpvFfVpw323a83/0RLSGJJY5l5lcomZWhYpU2cuLdsvYqMixvsdLJ9+sTdzEkju8J8ZHDM2nA==",
      "optional": true,
      "requires": {
        "bindings": "1",
        "debug": "2",
        "nan": "2"
      }
    },
    "ref-struct": {
      "version": "1.1.0",
      "resolved": "https://registry.npmjs.org/ref-struct/-/ref-struct-1.1.0.tgz",
      "integrity": "sha1-XV7mWtQc78Olxf60BYcmHkee3BM=",
      "optional": true,
      "requires": {
        "debug": "2",
        "ref": "1"
      }
    },
    "require-all": {
      "version": "2.2.0",
      "resolved": "https://registry.npmjs.org/require-all/-/require-all-2.2.0.tgz",
      "integrity": "sha1-tEIMIzrAKC0P9Jsnf7iAqLXeCJQ="
    },
    "safe-buffer": {
      "version": "5.1.2",
      "resolved": "https://registry.npmjs.org/safe-buffer/-/safe-buffer-5.1.2.tgz",
      "integrity": "sha512-Gd2UZBJDkXlY7GbJxfsE8/nvKkUEU1G38c1siN6QP6a9PT9MmHB8GnpscSmMJSoF8LOIrt8ud/wPtojys4G6+g=="
    },
    "sax": {
      "version": "1.2.4",
      "resolved": "https://registry.npmjs.org/sax/-/sax-1.2.4.tgz",
      "integrity": "sha512-NqVDv9TpANUjFm0N8uM5GxL36UgKi9/atZw+x7YFnQ8ckwFGKrl4xX4yWtrey3UJm5nP1kUbnYgLopqWNSRhWw=="
    },
    "snekfetch": {
      "version": "3.6.4",
      "resolved": "https://registry.npmjs.org/snekfetch/-/snekfetch-3.6.4.tgz",
      "integrity": "sha512-NjxjITIj04Ffqid5lqr7XdgwM7X61c/Dns073Ly170bPQHLm6jkmelye/eglS++1nfTWktpP6Y2bFXjdPlQqdw=="
    },
    "sqlstring": {
      "version": "2.3.1",
      "resolved": "https://registry.npmjs.org/sqlstring/-/sqlstring-2.3.1.tgz",
      "integrity": "sha1-R1OT/56RR5rqYtyvDKPRSYOn+0A="
    },
    "string_decoder": {
      "version": "1.1.1",
      "resolved": "https://registry.npmjs.org/string_decoder/-/string_decoder-1.1.1.tgz",
      "integrity": "sha512-n/ShnvDi6FHbbVfviro+WojiFzv+s8MPMHBczVePfUpDJLwoLT0ht1l4YwBCbi8pJAveEEdnkHyPyTP/mzRfwg==",
      "requires": {
        "safe-buffer": "~5.1.0"
      }
    },
    "tweetnacl": {
      "version": "1.0.3",
      "resolved": "https://registry.npmjs.org/tweetnacl/-/tweetnacl-1.0.3.tgz",
      "integrity": "sha512-6rt+RN7aOi1nGMyC4Xa5DdYiukl2UWCbcJft7YhxReBGQD7OAM8Pbxw6YMo4r2diNEA8FEmu32YOn9rhaiE5yw=="
    },
    "typedarray": {
      "version": "0.0.6",
      "resolved": "https://registry.npmjs.org/typedarray/-/typedarray-0.0.6.tgz",
      "integrity": "sha512-/aCDEGatGvZ2BIk+HmLf4ifCJFwvKFNb9/JeZPMulfgFracn9QFcAf5GO8B/mweUjSoblS5In0cWhqpfs/5PQA=="
    },
    "util-deprecate": {
      "version": "1.0.2",
      "resolved": "https://registry.npmjs.org/util-deprecate/-/util-deprecate-1.0.2.tgz",
      "integrity": "sha1-RQ1Nyfpw3nMnYvvS1KKJgUGaDM8="
    },
    "ws": {
      "version": "6.2.1",
      "resolved": "https://registry.npmjs.org/ws/-/ws-6.2.1.tgz",
      "integrity": "sha512-GIyAXC2cB7LjvpgMt9EKS2ldqr0MTrORaleiOno6TweZ6r3TKtoFQWay/2PceJ3RuBasOHzXNn5Lrw1X0bEjqA==",
      "requires": {
        "async-limiter": "~1.0.0"
      }
    },
    "ytdl-core": {
      "version": "4.11.2",
      "resolved": "https://registry.npmjs.org/ytdl-core/-/ytdl-core-4.11.2.tgz",
      "integrity": "sha512-D939t9b4ZzP3v0zDvehR2q+KgG97UTgrTKju3pOPGQcXtl4W6W5z0EpznzcJFu+OOpl7S7Ge8hv8zU65QnxYug==",
      "requires": {
        "m3u8stream": "^0.8.6",
        "miniget": "^4.2.2",
        "sax": "^1.1.3"
      }
    },
    "ytdl-core-discord": {
      "version": "1.3.1",
      "resolved": "https://registry.npmjs.org/ytdl-core-discord/-/ytdl-core-discord-1.3.1.tgz",
      "integrity": "sha512-KW8zYY35jRSkxZTEQtT9EiR2exFwYKhCE8QZbRg5Ge9a0YWDDhBOixSdWb8Cn41B1uHhz8FR15E4E/k0kHNX3w==",
      "requires": {
        "@types/node": "^15.12.2",
        "prism-media": "^1.3.1",
        "ytdl-core": "^4.8.2"
      },
      "dependencies": {
        "@types/node": {
          "version": "15.14.9",
          "resolved": "https://registry.npmjs.org/@types/node/-/node-15.14.9.tgz",
          "integrity": "sha512-qjd88DrCxupx/kJD5yQgZdcYKZKSIGBVDIBE1/LTGcNm3d2Np/jxojkdePDdfnBHJc5W7vSMpbJ1aB7p/Py69A=="
        },
        "prism-media": {
          "version": "1.3.4",
          "resolved": "https://registry.npmjs.org/prism-media/-/prism-media-1.3.4.tgz",
          "integrity": "sha512-eW7LXORkTCQznZs+eqe9VjGOrLBxcBPXgNyHXMTSRVhphvd/RrxgIR7WaWt4fkLuhshcdT5KHL88LAfcvS3f5g=="
        }
      }
    }
  }
}
